// !$*UTF8*$!
{
	archiveVersion = 1;
	classes = {
	};
	objectVersion = 56;
	objects = {

/* Begin PBXBuildFile section */
		820F0A342C8E1F3E00ECF2C0 /* MapAppApp.swift in Sources */ = {isa = PBXBuildFile; fileRef = 820F0A332C8E1F3E00ECF2C0 /* MapAppApp.swift */; };
		820F0A3B2C8E1F4000ECF2C0 /* Preview Assets.xcassets in Resources */ = {isa = PBXBuildFile; fileRef = 820F0A3A2C8E1F4000ECF2C0 /* Preview Assets.xcassets */; };
		820F0A422C8E1FE600ECF2C0 /* Assets.xcassets in Resources */ = {isa = PBXBuildFile; fileRef = 820F0A412C8E1FE500ECF2C0 /* Assets.xcassets */; };
		820F0A442C8E208400ECF2C0 /* LocationsDataService.swift in Sources */ = {isa = PBXBuildFile; fileRef = 820F0A432C8E208400ECF2C0 /* LocationsDataService.swift */; };
		820F0A492C8E20E300ECF2C0 /* Location.swift in Sources */ = {isa = PBXBuildFile; fileRef = 820F0A482C8E20E300ECF2C0 /* Location.swift */; };
		820F0A4C2C8E21E300ECF2C0 /* LocationsView.swift in Sources */ = {isa = PBXBuildFile; fileRef = 820F0A4B2C8E21E300ECF2C0 /* LocationsView.swift */; };
		820F0A4E2C8E24DF00ECF2C0 /* LocationViewModel.swift in Sources */ = {isa = PBXBuildFile; fileRef = 820F0A4D2C8E24DF00ECF2C0 /* LocationViewModel.swift */; };
		823C441A2C91CB940003E7A4 /* LocationPreview.swift in Sources */ = {isa = PBXBuildFile; fileRef = 823C44192C91CB940003E7A4 /* LocationPreview.swift */; };
		823C441C2C91DFEA0003E7A4 /* LocationMapAnnotationView.swift in Sources */ = {isa = PBXBuildFile; fileRef = 823C441B2C91DFEA0003E7A4 /* LocationMapAnnotationView.swift */; };
		8259F0862C920B3A00273CF9 /* LocationDetailView.swift in Sources */ = {isa = PBXBuildFile; fileRef = 8259F0852C920B3A00273CF9 /* LocationDetailView.swift */; };
		82F116382C8F85320084E7F1 /* LocationsListView.swift in Sources */ = {isa = PBXBuildFile; fileRef = 82F116372C8F85320084E7F1 /* LocationsListView.swift */; };
/* End PBXBuildFile section */

/* Begin PBXFileReference section */
		820F0A302C8E1F3E00ECF2C0 /* MapApp.app */ = {isa = PBXFileReference; explicitFileType = wrapper.application; includeInIndex = 0; path = MapApp.app; sourceTree = BUILT_PRODUCTS_DIR; };
		820F0A332C8E1F3E00ECF2C0 /* MapAppApp.swift */ = {isa = PBXFileReference; lastKnownFileType = sourcecode.swift; path = MapAppApp.swift; sourceTree = "<group>"; };
		820F0A3A2C8E1F4000ECF2C0 /* Preview Assets.xcassets */ = {isa = PBXFileReference; lastKnownFileType = folder.assetcatalog; path = "Preview Assets.xcassets"; sourceTree = "<group>"; };
		820F0A412C8E1FE500ECF2C0 /* Assets.xcassets */ = {isa = PBXFileReference; lastKnownFileType = folder.assetcatalog; path = Assets.xcassets; sourceTree = "<group>"; };
		820F0A432C8E208400ECF2C0 /* LocationsDataService.swift */ = {isa = PBXFileReference; fileEncoding = 4; lastKnownFileType = sourcecode.swift; path = LocationsDataService.swift; sourceTree = "<group>"; };
		820F0A482C8E20E300ECF2C0 /* Location.swift */ = {isa = PBXFileReference; lastKnownFileType = sourcecode.swift; path = Location.swift; sourceTree = "<group>"; };
		820F0A4B2C8E21E300ECF2C0 /* LocationsView.swift */ = {isa = PBXFileReference; lastKnownFileType = sourcecode.swift; path = LocationsView.swift; sourceTree = "<group>"; };
		820F0A4D2C8E24DF00ECF2C0 /* LocationViewModel.swift */ = {isa = PBXFileReference; lastKnownFileType = sourcecode.swift; path = LocationViewModel.swift; sourceTree = "<group>"; };
		823C44192C91CB940003E7A4 /* LocationPreview.swift */ = {isa = PBXFileReference; lastKnownFileType = sourcecode.swift; path = LocationPreview.swift; sourceTree = "<group>"; };
		823C441B2C91DFEA0003E7A4 /* LocationMapAnnotationView.swift */ = {isa = PBXFileReference; lastKnownFileType = sourcecode.swift; path = LocationMapAnnotationView.swift; sourceTree = "<group>"; };
		8259F0852C920B3A00273CF9 /* LocationDetailView.swift */ = {isa = PBXFileReference; lastKnownFileType = sourcecode.swift; path = LocationDetailView.swift; sourceTree = "<group>"; };
		82C604712C944BEC000CC65A /* Info.plist */ = {isa = PBXFileReference; lastKnownFileType = text.plist; path = Info.plist; sourceTree = "<group>"; };
		82F116372C8F85320084E7F1 /* LocationsListView.swift */ = {isa = PBXFileReference; lastKnownFileType = sourcecode.swift; path = LocationsListView.swift; sourceTree = "<group>"; };
/* End PBXFileReference section */

/* Begin PBXFrameworksBuildPhase section */
		820F0A2D2C8E1F3E00ECF2C0 /* Frameworks */ = {
			isa = PBXFrameworksBuildPhase;
			buildActionMask = 2147483647;
			files = (
			);
			runOnlyForDeploymentPostprocessing = 0;
		};
/* End PBXFrameworksBuildPhase section */

/* Begin PBXGroup section */
		820F0A272C8E1F3E00ECF2C0 = {
			isa = PBXGroup;
			children = (
				820F0A322C8E1F3E00ECF2C0 /* MapApp */,
				820F0A312C8E1F3E00ECF2C0 /* Products */,
			);
			sourceTree = "<group>";
		};
		820F0A312C8E1F3E00ECF2C0 /* Products */ = {
			isa = PBXGroup;
			children = (
				820F0A302C8E1F3E00ECF2C0 /* MapApp.app */,
			);
			name = Products;
			sourceTree = "<group>";
		};
		820F0A322C8E1F3E00ECF2C0 /* MapApp */ = {
			isa = PBXGroup;
			children = (
				82C604712C944BEC000CC65A /* Info.plist */,
				820F0A4A2C8E218000ECF2C0 /* dataservices */,
				820F0A472C8E20B800ECF2C0 /* viewmodels */,
				820F0A462C8E20B200ECF2C0 /* views */,
				820F0A452C8E20AA00ECF2C0 /* models */,
				820F0A332C8E1F3E00ECF2C0 /* MapAppApp.swift */,
				820F0A412C8E1FE500ECF2C0 /* Assets.xcassets */,
				820F0A392C8E1F4000ECF2C0 /* Preview Content */,
			);
			path = MapApp;
			sourceTree = "<group>";
		};
		820F0A392C8E1F4000ECF2C0 /* Preview Content */ = {
			isa = PBXGroup;
			children = (
				820F0A3A2C8E1F4000ECF2C0 /* Preview Assets.xcassets */,
			);
			path = "Preview Content";
			sourceTree = "<group>";
		};
		820F0A452C8E20AA00ECF2C0 /* models */ = {
			isa = PBXGroup;
			children = (
				820F0A482C8E20E300ECF2C0 /* Location.swift */,
			);
			path = models;
			sourceTree = "<group>";
		};
		820F0A462C8E20B200ECF2C0 /* views */ = {
			isa = PBXGroup;
			children = (
				820F0A4B2C8E21E300ECF2C0 /* LocationsView.swift */,
				82F116372C8F85320084E7F1 /* LocationsListView.swift */,
				823C44192C91CB940003E7A4 /* LocationPreview.swift */,
				823C441B2C91DFEA0003E7A4 /* LocationMapAnnotationView.swift */,
				8259F0852C920B3A00273CF9 /* LocationDetailView.swift */,
			);
			path = views;
			sourceTree = "<group>";
		};
		820F0A472C8E20B800ECF2C0 /* viewmodels */ = {
			isa = PBXGroup;
			children = (
				820F0A4D2C8E24DF00ECF2C0 /* LocationViewModel.swift */,
			);
			path = viewmodels;
			sourceTree = "<group>";
		};
		820F0A4A2C8E218000ECF2C0 /* dataservices */ = {
			isa = PBXGroup;
			children = (
				820F0A432C8E208400ECF2C0 /* LocationsDataService.swift */,
			);
			path = dataservices;
			sourceTree = "<group>";
		};
/* End PBXGroup section */

/* Begin PBXNativeTarget section */
		820F0A2F2C8E1F3E00ECF2C0 /* MapApp */ = {
			isa = PBXNativeTarget;
			buildConfigurationList = 820F0A3E2C8E1F4000ECF2C0 /* Build configuration list for PBXNativeTarget "MapApp" */;
			buildPhases = (
				820F0A2C2C8E1F3E00ECF2C0 /* Sources */,
				820F0A2D2C8E1F3E00ECF2C0 /* Frameworks */,
				820F0A2E2C8E1F3E00ECF2C0 /* Resources */,
			);
			buildRules = (
			);
			dependencies = (
			);
			name = MapApp;
			productName = MapApp;
			productReference = 820F0A302C8E1F3E00ECF2C0 /* MapApp.app */;
			productType = "com.apple.product-type.application";
		};
/* End PBXNativeTarget section */

/* Begin PBXProject section */
		820F0A282C8E1F3E00ECF2C0 /* Project object */ = {
			isa = PBXProject;
			attributes = {
				BuildIndependentTargetsInParallel = 1;
				LastSwiftUpdateCheck = 1510;
				LastUpgradeCheck = 1510;
				TargetAttributes = {
					820F0A2F2C8E1F3E00ECF2C0 = {
						CreatedOnToolsVersion = 15.1;
					};
				};
			};
			buildConfigurationList = 820F0A2B2C8E1F3E00ECF2C0 /* Build configuration list for PBXProject "MapApp" */;
			compatibilityVersion = "Xcode 14.0";
			developmentRegion = en;
			hasScannedForEncodings = 0;
			knownRegions = (
				en,
				Base,
			);
			mainGroup = 820F0A272C8E1F3E00ECF2C0;
			productRefGroup = 820F0A312C8E1F3E00ECF2C0 /* Products */;
			projectDirPath = "";
			projectRoot = "";
			targets = (
				820F0A2F2C8E1F3E00ECF2C0 /* MapApp */,
			);
		};
/* End PBXProject section */

/* Begin PBXResourcesBuildPhase section */
		820F0A2E2C8E1F3E00ECF2C0 /* Resources */ = {
			isa = PBXResourcesBuildPhase;
			buildActionMask = 2147483647;
			files = (
				820F0A422C8E1FE600ECF2C0 /* Assets.xcassets in Resources */,
				820F0A3B2C8E1F4000ECF2C0 /* Preview Assets.xcassets in Resources */,
			);
			runOnlyForDeploymentPostprocessing = 0;
		};
/* End PBXResourcesBuildPhase section */

/* Begin PBXSourcesBuildPhase section */
		820F0A2C2C8E1F3E00ECF2C0 /* Sources */ = {
			isa = PBXSourcesBuildPhase;
			buildActionMask = 2147483647;
			files = (
				823C441C2C91DFEA0003E7A4 /* LocationMapAnnotationView.swift in Sources */,
				82F116382C8F85320084E7F1 /* LocationsListView.swift in Sources */,
				8259F0862C920B3A00273CF9 /* LocationDetailView.swift in Sources */,
				820F0A4E2C8E24DF00ECF2C0 /* LocationViewModel.swift in Sources */,
				823C441A2C91CB940003E7A4 /* LocationPreview.swift in Sources */,
				820F0A342C8E1F3E00ECF2C0 /* MapAppApp.swift in Sources */,
				820F0A4C2C8E21E300ECF2C0 /* LocationsView.swift in Sources */,
				820F0A492C8E20E300ECF2C0 /* Location.swift in Sources */,
				820F0A442C8E208400ECF2C0 /* LocationsDataService.swift in Sources */,
			);
			runOnlyForDeploymentPostprocessing = 0;
		};
/* End PBXSourcesBuildPhase section */

/* Begin XCBuildConfiguration section */
		820F0A3C2C8E1F4000ECF2C0 /* Debug */ = {
			isa = XCBuildConfiguration;
			buildSettings = {
				ALWAYS_SEARCH_USER_PATHS = NO;
				ASSETCATALOG_COMPILER_GENERATE_SWIFT_ASSET_SYMBOL_EXTENSIONS = YES;
				CLANG_ANALYZER_NONNULL = YES;
				CLANG_ANALYZER_NUMBER_OBJECT_CONVERSION = YES_AGGRESSIVE;
				CLANG_CXX_LANGUAGE_STANDARD = "gnu++20";
				CLANG_ENABLE_MODULES = YES;
				CLANG_ENABLE_OBJC_ARC = YES;
				CLANG_ENABLE_OBJC_WEAK = YES;
				CLANG_WARN_BLOCK_CAPTURE_AUTORELEASING = YES;
				CLANG_WARN_BOOL_CONVERSION = YES;
				CLANG_WARN_COMMA = YES;
				CLANG_WARN_CONSTANT_CONVERSION = YES;
				CLANG_WARN_DEPRECATED_OBJC_IMPLEMENTATIONS = YES;
				CLANG_WARN_DIRECT_OBJC_ISA_USAGE = YES_ERROR;
				CLANG_WARN_DOCUMENTATION_COMMENTS = YES;
				CLANG_WARN_EMPTY_BODY = YES;
				CLANG_WARN_ENUM_CONVERSION = YES;
				CLANG_WARN_INFINITE_RECURSION = YES;
				CLANG_WARN_INT_CONVERSION = YES;
				CLANG_WARN_NON_LITERAL_NULL_CONVERSION = YES;
				CLANG_WARN_OBJC_IMPLICIT_RETAIN_SELF = YES;
				CLANG_WARN_OBJC_LITERAL_CONVERSION = YES;
				CLANG_WARN_OBJC_ROOT_CLASS = YES_ERROR;
				CLANG_WARN_QUOTED_INCLUDE_IN_FRAMEWORK_HEADER = YES;
				CLANG_WARN_RANGE_LOOP_ANALYSIS = YES;
				CLANG_WARN_STRICT_PROTOTYPES = YES;
				CLANG_WARN_SUSPICIOUS_MOVE = YES;
				CLANG_WARN_UNGUARDED_AVAILABILITY = YES_AGGRESSIVE;
				CLANG_WARN_UNREACHABLE_CODE = YES;
				CLANG_WARN__DUPLICATE_METHOD_MATCH = YES;
				COPY_PHASE_STRIP = NO;
				DEBUG_INFORMATION_FORMAT = dwarf;
				ENABLE_STRICT_OBJC_MSGSEND = YES;
				ENABLE_TESTABILITY = YES;
				ENABLE_USER_SCRIPT_SANDBOXING = YES;
				GCC_C_LANGUAGE_STANDARD = gnu17;
				GCC_DYNAMIC_NO_PIC = NO;
				GCC_NO_COMMON_BLOCKS = YES;
				GCC_OPTIMIZATION_LEVEL = 0;
				GCC_PREPROCESSOR_DEFINITIONS = (
					"DEBUG=1",
					"$(inherited)",
				);
				GCC_WARN_64_TO_32_BIT_CONVERSION = YES;
				GCC_WARN_ABOUT_RETURN_TYPE = YES_ERROR;
				GCC_WARN_UNDECLARED_SELECTOR = YES;
				GCC_WARN_UNINITIALIZED_AUTOS = YES_AGGRESSIVE;
				GCC_WARN_UNUSED_FUNCTION = YES;
				GCC_WARN_UNUSED_VARIABLE = YES;
				IPHONEOS_DEPLOYMENT_TARGET = 17.2;
				LOCALIZATION_PREFERS_STRING_CATALOGS = YES;
				MTL_ENABLE_DEBUG_INFO = INCLUDE_SOURCE;
				MTL_FAST_MATH = YES;
				ONLY_ACTIVE_ARCH = YES;
				SDKROOT = iphoneos;
				SWIFT_ACTIVE_COMPILATION_CONDITIONS = "DEBUG $(inherited)";
				SWIFT_OPTIMIZATION_LEVEL = "-Onone";
			};
			name = Debug;
		};
		820F0A3D2C8E1F4000ECF2C0 /* Release */ = {
			isa = XCBuildConfiguration;
			buildSettings = {
				ALWAYS_SEARCH_USER_PATHS = NO;
				ASSETCATALOG_COMPILER_GENERATE_SWIFT_ASSET_SYMBOL_EXTENSIONS = YES;
				CLANG_ANALYZER_NONNULL = YES;
				CLANG_ANALYZER_NUMBER_OBJECT_CONVERSION = YES_AGGRESSIVE;
				CLANG_CXX_LANGUAGE_STANDARD = "gnu++20";
				CLANG_ENABLE_MODULES = YES;
				CLANG_ENABLE_OBJC_ARC = YES;
				CLANG_ENABLE_OBJC_WEAK = YES;
				CLANG_WARN_BLOCK_CAPTURE_AUTORELEASING = YES;
				CLANG_WARN_BOOL_CONVERSION = YES;
				CLANG_WARN_COMMA = YES;
				CLANG_WARN_CONSTANT_CONVERSION = YES;
				CLANG_WARN_DEPRECATED_OBJC_IMPLEMENTATIONS = YES;
				CLANG_WARN_DIRECT_OBJC_ISA_USAGE = YES_ERROR;
				CLANG_WARN_DOCUMENTATION_COMMENTS = YES;
				CLANG_WARN_EMPTY_BODY = YES;
				CLANG_WARN_ENUM_CONVERSION = YES;
				CLANG_WARN_INFINITE_RECURSION = YES;
				CLANG_WARN_INT_CONVERSION = YES;
				CLANG_WARN_NON_LITERAL_NULL_CONVERSION = YES;
				CLANG_WARN_OBJC_IMPLICIT_RETAIN_SELF = YES;
				CLANG_WARN_OBJC_LITERAL_CONVERSION = YES;
				CLANG_WARN_OBJC_ROOT_CLASS = YES_ERROR;
				CLANG_WARN_QUOTED_INCLUDE_IN_FRAMEWORK_HEADER = YES;
				CLANG_WARN_RANGE_LOOP_ANALYSIS = YES;
				CLANG_WARN_STRICT_PROTOTYPES = YES;
				CLANG_WARN_SUSPICIOUS_MOVE = YES;
				CLANG_WARN_UNGUARDED_AVAILABILITY = YES_AGGRESSIVE;
				CLANG_WARN_UNREACHABLE_CODE = YES;
				CLANG_WARN__DUPLICATE_METHOD_MATCH = YES;
				COPY_PHASE_STRIP = NO;
				DEBUG_INFORMATION_FORMAT = "dwarf-with-dsym";
				ENABLE_NS_ASSERTIONS = NO;
				ENABLE_STRICT_OBJC_MSGSEND = YES;
				ENABLE_USER_SCRIPT_SANDBOXING = YES;
				GCC_C_LANGUAGE_STANDARD = gnu17;
				GCC_NO_COMMON_BLOCKS = YES;
				GCC_WARN_64_TO_32_BIT_CONVERSION = YES;
				GCC_WARN_ABOUT_RETURN_TYPE = YES_ERROR;
				GCC_WARN_UNDECLARED_SELECTOR = YES;
				GCC_WARN_UNINITIALIZED_AUTOS = YES_AGGRESSIVE;
				GCC_WARN_UNUSED_FUNCTION = YES;
				GCC_WARN_UNUSED_VARIABLE = YES;
				IPHONEOS_DEPLOYMENT_TARGET = 17.2;
				LOCALIZATION_PREFERS_STRING_CATALOGS = YES;
				MTL_ENABLE_DEBUG_INFO = NO;
				MTL_FAST_MATH = YES;
				SDKROOT = iphoneos;
				SWIFT_COMPILATION_MODE = wholemodule;
				VALIDATE_PRODUCT = YES;
			};
			name = Release;
		};
		820F0A3F2C8E1F4000ECF2C0 /* Debug */ = {
			isa = XCBuildConfiguration;
			buildSettings = {
				ASSETCATALOG_COMPILER_APPICON_NAME = AppIcon;
				ASSETCATALOG_COMPILER_GLOBAL_ACCENT_COLOR_NAME = AccentColor;
				CODE_SIGN_STYLE = Automatic;
				CURRENT_PROJECT_VERSION = 1;
				DEVELOPMENT_ASSET_PATHS = "\"MapApp/Preview Content\"";
				ENABLE_PREVIEWS = YES;
				GENERATE_INFOPLIST_FILE = YES;
				INFOPLIST_FILE = MapApp/Info.plist;
				INFOPLIST_KEY_UIApplicationSceneManifest_Generation = YES;
				INFOPLIST_KEY_UIApplicationSupportsIndirectInputEvents = YES;
				INFOPLIST_KEY_UISupportedInterfaceOrientations_iPad = "UIInterfaceOrientationPortrait UIInterfaceOrientationPortraitUpsideDown UIInterfaceOrientationLandscapeLeft UIInterfaceOrientationLandscapeRight";
				INFOPLIST_KEY_UISupportedInterfaceOrientations_iPhone = "UIInterfaceOrientationPortrait UIInterfaceOrientationLandscapeLeft UIInterfaceOrientationLandscapeRight";
				LD_RUNPATH_SEARCH_PATHS = (
					"$(inherited)",
					"@executable_path/Frameworks",
				);
				MARKETING_VERSION = 1.0;
				PRODUCT_BUNDLE_IDENTIFIER = oktydeniz.MapApp;
				PRODUCT_NAME = "$(TARGET_NAME)";
				SWIFT_EMIT_LOC_STRINGS = YES;
				SWIFT_VERSION = 5.0;
				TARGETED_DEVICE_FAMILY = "1,2";
			};
			name = Debug;
		};
		820F0A402C8E1F4000ECF2C0 /* Release */ = {
			isa = XCBuildConfiguration;
			buildSettings = {
				ASSETCATALOG_COMPILER_APPICON_NAME = AppIcon;
				ASSETCATALOG_COMPILER_GLOBAL_ACCENT_COLOR_NAME = AccentColor;
				CODE_SIGN_STYLE = Automatic;
				CURRENT_PROJECT_VERSION = 1;
				DEVELOPMENT_ASSET_PATHS = "\"MapApp/Preview Content\"";
				ENABLE_PREVIEWS = YES;
				GENERATE_INFOPLIST_FILE = YES;
				INFOPLIST_FILE = MapApp/Info.plist;
				INFOPLIST_KEY_UIApplicationSceneManifest_Generation = YES;
				INFOPLIST_KEY_UIApplicationSupportsIndirectInputEvents = YES;
				INFOPLIST_KEY_UISupportedInterfaceOrientations_iPad = "UIInterfaceOrientationPortrait UIInterfaceOrientationPortraitUpsideDown UIInterfaceOrientationLandscapeLeft UIInterfaceOrientationLandscapeRight";
				INFOPLIST_KEY_UISupportedInterfaceOrientations_iPhone = "UIInterfaceOrientationPortrait UIInterfaceOrientationLandscapeLeft UIInterfaceOrientationLandscapeRight";
				LD_RUNPATH_SEARCH_PATHS = (
					"$(inherited)",
					"@executable_path/Frameworks",
				);
				MARKETING_VERSION = 1.0;
				PRODUCT_BUNDLE_IDENTIFIER = oktydeniz.MapApp;
				PRODUCT_NAME = "$(TARGET_NAME)";
				SWIFT_EMIT_LOC_STRINGS = YES;
				SWIFT_VERSION = 5.0;
				TARGETED_DEVICE_FAMILY = "1,2";
			};
			name = Release;
		};
/* End XCBuildConfiguration section */

/* Begin XCConfigurationList section */
		820F0A2B2C8E1F3E00ECF2C0 /* Build configuration list for PBXProject "MapApp" */ = {
			isa = XCConfigurationList;
			buildConfigurations = (
				820F0A3C2C8E1F4000ECF2C0 /* Debug */,
				820F0A3D2C8E1F4000ECF2C0 /* Release */,
			);
			defaultConfigurationIsVisible = 0;
			defaultConfigurationName = Release;
		};
		820F0A3E2C8E1F4000ECF2C0 /* Build configuration list for PBXNativeTarget "MapApp" */ = {
			isa = XCConfigurationList;
			buildConfigurations = (
				820F0A3F2C8E1F4000ECF2C0 /* Debug */,
				820F0A402C8E1F4000ECF2C0 /* Release */,
			);
			defaultConfigurationIsVisible = 0;
			defaultConfigurationName = Release;
		};
/* End XCConfigurationList section */
	};
	rootObject = 820F0A282C8E1F3E00ECF2C0 /* Project object */;
}
